
Microsoft Visual Studio Solution File, Format Version 12.00
# Visual Studio Version 17
VisualStudioVersion = 17.4.33213.308
MinimumVisualStudioVersion = 10.0.40219.1
Project("{8BC9CEB8-8B4A-11D0-8D11-00A0C91BC942}") = "DuiLib_Static", "projects\DuiLib\DuiLib_Static.vcxproj", "{E106ACD7-4E53-4AEE-942B-D0DD426DB34E}"
EndProject
Project("{8BC9CEB8-8B4A-11D0-8D11-00A0C91BC942}") = "YYLite", "projects\YYLite\YYLite.vcxproj", "{12A229E2-102A-483F-9CB3-94867887E29A}"
	ProjectSection(ProjectDependencies) = postProject
		{E106ACD7-4E53-4AEE-942B-D0DD426DB34E} = {E106ACD7-4E53-4AEE-942B-D0DD426DB34E}
	EndProjectSection
EndProject
Global
	GlobalSection(SolutionConfigurationPlatforms) = preSolution
		Debug|x64 = Debug|x64
		Debug|x86 = Debug|x86
		Release|x64 = Release|x64
		Release|x86 = Release|x86
		UnicodeDebug|x64 = UnicodeDebug|x64
		UnicodeDebug|x86 = UnicodeDebug|x86
		UnicodeRelease|x64 = UnicodeRelease|x64
		UnicodeRelease|x86 = UnicodeRelease|x86
	EndGlobalSection
	GlobalSection(ProjectConfigurationPlatforms) = postSolution
		{E106ACD7-4E53-4AEE-942B-D0DD426DB34E}.Debug|x64.ActiveCfg = Debug|Win32
		{E106ACD7-4E53-4AEE-942B-D0DD426DB34E}.Debug|x64.Build.0 = Debug|Win32
		{E106ACD7-4E53-4AEE-942B-D0DD426DB34E}.Debug|x86.ActiveCfg = Debug|Win32
		{E106ACD7-4E53-4AEE-942B-D0DD426DB34E}.Debug|x86.Build.0 = Debug|Win32
		{E106ACD7-4E53-4AEE-942B-D0DD426DB34E}.Release|x64.ActiveCfg = Release|Win32
		{E106ACD7-4E53-4AEE-942B-D0DD426DB34E}.Release|x64.Build.0 = Release|Win32
		{E106ACD7-4E53-4AEE-942B-D0DD426DB34E}.Release|x86.ActiveCfg = Release|Win32
		{E106ACD7-4E53-4AEE-942B-D0DD426DB34E}.Release|x86.Build.0 = Release|Win32
		{E106ACD7-4E53-4AEE-942B-D0DD426DB34E}.UnicodeDebug|x64.ActiveCfg = UnicodeDebug|Win32
		{E106ACD7-4E53-4AEE-942B-D0DD426DB34E}.UnicodeDebug|x64.Build.0 = UnicodeDebug|Win32
		{E106ACD7-4E53-4AEE-942B-D0DD426DB34E}.UnicodeDebug|x86.ActiveCfg = UnicodeDebug|Win32
		{E106ACD7-4E53-4AEE-942B-D0DD426DB34E}.UnicodeDebug|x86.Build.0 = UnicodeDebug|Win32
		{E106ACD7-4E53-4AEE-942B-D0DD426DB34E}.UnicodeRelease|x64.ActiveCfg = UnicodeRelease|Win32
		{E106ACD7-4E53-4AEE-942B-D0DD426DB34E}.UnicodeRelease|x64.Build.0 = UnicodeRelease|Win32
		{E106ACD7-4E53-4AEE-942B-D0DD426DB34E}.UnicodeRelease|x86.ActiveCfg = UnicodeRelease|Win32
		{E106ACD7-4E53-4AEE-942B-D0DD426DB34E}.UnicodeRelease|x86.Build.0 = UnicodeRelease|Win32
		{12A229E2-102A-483F-9CB3-94867887E29A}.Debug|x64.ActiveCfg = Debug|x64
		{12A229E2-102A-483F-9CB3-94867887E29A}.Debug|x64.Build.0 = Debug|x64
		{12A229E2-102A-483F-9CB3-94867887E29A}.Debug|x86.ActiveCfg = Debug|Win32
		{12A229E2-102A-483F-9CB3-94867887E29A}.Debug|x86.Build.0 = Debug|Win32
		{12A229E2-102A-483F-9CB3-94867887E29A}.Release|x64.ActiveCfg = Release|x64
		{12A229E2-102A-483F-9CB3-94867887E29A}.Release|x64.Build.0 = Release|x64
		{12A229E2-102A-483F-9CB3-94867887E29A}.Release|x86.ActiveCfg = Release|Win32
		{12A229E2-102A-483F-9CB3-94867887E29A}.Release|x86.Build.0 = Release|Win32
		{12A229E2-102A-483F-9CB3-94867887E29A}.UnicodeDebug|x64.ActiveCfg = Debug|x64
		{12A229E2-102A-483F-9CB3-94867887E29A}.UnicodeDebug|x64.Build.0 = Debug|x64
		{12A229E2-102A-483F-9CB3-94867887E29A}.UnicodeDebug|x86.ActiveCfg = Debug|Win32
		{12A229E2-102A-483F-9CB3-94867887E29A}.UnicodeDebug|x86.Build.0 = Debug|Win32
		{12A229E2-102A-483F-9CB3-94867887E29A}.UnicodeRelease|x64.ActiveCfg = Release|x64
		{12A229E2-102A-483F-9CB3-94867887E29A}.UnicodeRelease|x64.Build.0 = Release|x64
		{12A229E2-102A-483F-9CB3-94867887E29A}.UnicodeRelease|x86.ActiveCfg = Release|Win32
		{12A229E2-102A-483F-9CB3-94867887E29A}.UnicodeRelease|x86.Build.0 = Release|Win32
	EndGlobalSection
	GlobalSection(SolutionProperties) = preSolution
		HideSolutionNode = FALSE
	EndGlobalSection
	GlobalSection(ExtensibilityGlobals) = postSolution
		SolutionGuid = {8127570E-65F2-4247-AEB5-BA0124F1F4D5}
	EndGlobalSection
EndGlobal
